
Microsoft Visual Studio Solution File, Format Version 11.00
# Visual Studio 2010
# SharpDevelop 5.1
Project("{FAE04EC0-301F-11D3-BF4B-00C04F79EFBC}") = "Empresa_de_Telefone", "Empresa_de_Telefone\Empresa_de_Telefone.csproj", "{C3D95BFC-E8F1-4E16-BE35-E0EAE93BF499}"
EndProject
Global
	GlobalSection(SolutionConfigurationPlatforms) = preSolution
		Debug|Any CPU = Debug|Any CPU
		Release|Any CPU = Release|Any CPU
	EndGlobalSection
	GlobalSection(ProjectConfigurationPlatforms) = postSolution
		{C3D95BFC-E8F1-4E16-BE35-E0EAE93BF499}.Debug|Any CPU.ActiveCfg = Debug|Any CPU
		{C3D95BFC-E8F1-4E16-BE35-E0EAE93BF499}.Debug|Any CPU.Build.0 = Debug|Any CPU
		{C3D95BFC-E8F1-4E16-BE35-E0EAE93BF499}.Release|Any CPU.ActiveCfg = Release|Any CPU
		{C3D95BFC-E8F1-4E16-BE35-E0EAE93BF499}.Release|Any CPU.Build.0 = Release|Any CPU
	EndGlobalSection
EndGlobal
